
Microsoft Visual Studio Solution File, Format Version 12.00
# Visual Studio Version 16
VisualStudioVersion = 16.0.30114.105
MinimumVisualStudioVersion = 10.0.40219.1
Project("{9A19103F-16F7-4668-BE54-9A1E7A4F7556}") = "WebUI", "src\WebUI\WebUI.csproj", "{9E9FA8F4-9C11-4FCE-8455-E9E96EF532EE}"
EndProject
Project("{9A19103F-16F7-4668-BE54-9A1E7A4F7556}") = "Domain", "src\Domain\Domain.csproj", "{106B3ACC-8E85-4961-9CC1-F6931322CACA}"
EndProject
Project("{9A19103F-16F7-4668-BE54-9A1E7A4F7556}") = "Infrastructure", "src\Infrastructure\Infrastructure.csproj", "{1097B98A-DECF-43AB-84B7-5BD315CC417B}"
EndProject
Project("{9A19103F-16F7-4668-BE54-9A1E7A4F7556}") = "Application", "src\Application\Application.csproj", "{E666AAB0-95C1-4638-A952-97109BBF2AB4}"
EndProject
Project("{2150E333-8FDC-42A3-9474-1A3956D46DE8}") = "src", "src", "{A4808DAE-2F25-4874-9D4A-778A02F10C05}"
EndProject
Project("{2150E333-8FDC-42A3-9474-1A3956D46DE8}") = "tests", "tests", "{1F8BFE47-D5C3-43C8-9FD7-4282A18B8900}"
EndProject
Project("{9A19103F-16F7-4668-BE54-9A1E7A4F7556}") = "Application.Tests", "tests\Application.Tests\Application.Tests.csproj", "{9FDE31F1-709A-4A96-B1B9-56E066D2845E}"
EndProject
Project("{9A19103F-16F7-4668-BE54-9A1E7A4F7556}") = "Domain.Tests", "tests\Domain.Tests\Domain.Tests.csproj", "{066D1F77-6245-4CF2-BF73-550977AA0267}"
EndProject
Project("{9A19103F-16F7-4668-BE54-9A1E7A4F7556}") = "Infrastructure.Tests", "tests\Infrastructure.Tests\Infrastructure.Tests.csproj", "{EFCD9E98-A269-4E7B-B192-3F517A5FA124}"
EndProject
Project("{9A19103F-16F7-4668-BE54-9A1E7A4F7556}") = "WebUI.Tests", "tests\WebUI.Tests\WebUI.Tests.csproj", "{160FDC2E-2BD8-4F50-A2A6-DA3BC06BBD8C}"
EndProject
Project("{2150E333-8FDC-42A3-9474-1A3956D46DE8}") = "Solution Items", "Solution Items", "{0FE21873-1AE8-473A-BECE-EB800FD077D1}"
	ProjectSection(SolutionItems) = preProject
		.dockerignore = .dockerignore
		.editorconfig = .editorconfig
		.gitattributes = .gitattributes
		.gitignore = .gitignore
		Directory.Build.props = Directory.Build.props
		dotnet-tools.json = dotnet-tools.json
		global.json = global.json
		LICENSE = LICENSE
		README.md = README.md
		smartHub.env = smartHub.env
	EndProjectSection
EndProject
Project("{2150E333-8FDC-42A3-9474-1A3956D46DE8}") = "Shared", "Shared", "{E246359D-6C51-4279-A6EE-899DEF154F8C}"
EndProject
Project("{9A19103F-16F7-4668-BE54-9A1E7A4F7556}") = "BasePlugin", "src\shared\BasePlugin\BasePlugin.csproj", "{CEE08B52-53E1-4927-9E8B-8B46F2EA833C}"
EndProject
Project("{2150E333-8FDC-42A3-9474-1A3956D46DE8}") = ".github", ".github", "{7C8A293F-2A58-452C-8BA3-075161CB3064}"
	ProjectSection(SolutionItems) = preProject
		.github\CODE_OF_CONDUCT.md = .github\CODE_OF_CONDUCT.md
		.github\CONTRIBUTING.md = .github\CONTRIBUTING.md
		.github\dependabot.yml = .github\dependabot.yml
		.github\PULL_REQUEST_TEMPLATE.md = .github\PULL_REQUEST_TEMPLATE.md
		.github\release-drafter.yml = .github\release-drafter.yml
		.github\SECURITY.md = .github\SECURITY.md
	EndProjectSection
EndProject
Project("{2150E333-8FDC-42A3-9474-1A3956D46DE8}") = "workflows", "workflows", "{EB041325-0BDC-4E45-9B5B-3117199B456C}"
	ProjectSection(SolutionItems) = preProject
		.github\workflows\createRelease.yaml = .github\workflows\createRelease.yaml
		.github\workflows\dotnet.yaml = .github\workflows\dotnet.yaml
		.github\workflows\sonar.yaml = .github\workflows\sonar.yaml
		.github\workflows\vue.yaml = .github\workflows\vue.yaml
	EndProjectSection
EndProject
Project("{2150E333-8FDC-42A3-9474-1A3956D46DE8}") = "ISSIE_TEMPLATE", "ISSIE_TEMPLATE", "{51E041C2-6534-4EB4-84FC-C1E68797EC3F}"
	ProjectSection(SolutionItems) = preProject
		.github\ISSUE_TEMPLATE\BUG_REPORT.md = .github\ISSUE_TEMPLATE\BUG_REPORT.md
		.github\ISSUE_TEMPLATE\FEATURE_REQUEST.md = .github\ISSUE_TEMPLATE\FEATURE_REQUEST.md
	EndProjectSection
EndProject
Project("{2150E333-8FDC-42A3-9474-1A3956D46DE8}") = "PULL_REQUEST_TEMPLATE", "PULL_REQUEST_TEMPLATE", "{2721A316-ABE5-4AAB-B647-1AC5A985C66D}"
	ProjectSection(SolutionItems) = preProject
		.github\PULL_REQUEST_TEMPLATE\BUG.md = .github\PULL_REQUEST_TEMPLATE\BUG.md
		.github\PULL_REQUEST_TEMPLATE\FEATURE.md = .github\PULL_REQUEST_TEMPLATE\FEATURE.md
	EndProjectSection
EndProject
Project("{E53339B2-1760-4266-BCC7-CA923CBCF16C}") = "docker-compose", "docker-compose.dcproj", "{82D35861-BA88-4401-AC50-F41A9C6C96DE}"
EndProject
Global
	GlobalSection(SolutionConfigurationPlatforms) = preSolution
		Debug|Any CPU = Debug|Any CPU
		Release|Any CPU = Release|Any CPU
	EndGlobalSection
	GlobalSection(ProjectConfigurationPlatforms) = postSolution
		{9E9FA8F4-9C11-4FCE-8455-E9E96EF532EE}.Debug|Any CPU.ActiveCfg = Debug|Any CPU
		{9E9FA8F4-9C11-4FCE-8455-E9E96EF532EE}.Debug|Any CPU.Build.0 = Debug|Any CPU
		{9E9FA8F4-9C11-4FCE-8455-E9E96EF532EE}.Release|Any CPU.ActiveCfg = Release|Any CPU
		{9E9FA8F4-9C11-4FCE-8455-E9E96EF532EE}.Release|Any CPU.Build.0 = Release|Any CPU
		{106B3ACC-8E85-4961-9CC1-F6931322CACA}.Debug|Any CPU.ActiveCfg = Debug|Any CPU
		{106B3ACC-8E85-4961-9CC1-F6931322CACA}.Debug|Any CPU.Build.0 = Debug|Any CPU
		{106B3ACC-8E85-4961-9CC1-F6931322CACA}.Release|Any CPU.ActiveCfg = Release|Any CPU
		{106B3ACC-8E85-4961-9CC1-F6931322CACA}.Release|Any CPU.Build.0 = Release|Any CPU
		{1097B98A-DECF-43AB-84B7-5BD315CC417B}.Debug|Any CPU.ActiveCfg = Debug|Any CPU
		{1097B98A-DECF-43AB-84B7-5BD315CC417B}.Debug|Any CPU.Build.0 = Debug|Any CPU
		{1097B98A-DECF-43AB-84B7-5BD315CC417B}.Release|Any CPU.ActiveCfg = Release|Any CPU
		{1097B98A-DECF-43AB-84B7-5BD315CC417B}.Release|Any CPU.Build.0 = Release|Any CPU
		{E666AAB0-95C1-4638-A952-97109BBF2AB4}.Debug|Any CPU.ActiveCfg = Debug|Any CPU
		{E666AAB0-95C1-4638-A952-97109BBF2AB4}.Debug|Any CPU.Build.0 = Debug|Any CPU
		{E666AAB0-95C1-4638-A952-97109BBF2AB4}.Release|Any CPU.ActiveCfg = Release|Any CPU
		{E666AAB0-95C1-4638-A952-97109BBF2AB4}.Release|Any CPU.Build.0 = Release|Any CPU
		{9FDE31F1-709A-4A96-B1B9-56E066D2845E}.Debug|Any CPU.ActiveCfg = Debug|Any CPU
		{9FDE31F1-709A-4A96-B1B9-56E066D2845E}.Debug|Any CPU.Build.0 = Debug|Any CPU
		{9FDE31F1-709A-4A96-B1B9-56E066D2845E}.Release|Any CPU.ActiveCfg = Release|Any CPU
		{9FDE31F1-709A-4A96-B1B9-56E066D2845E}.Release|Any CPU.Build.0 = Release|Any CPU
		{066D1F77-6245-4CF2-BF73-550977AA0267}.Debug|Any CPU.ActiveCfg = Debug|Any CPU
		{066D1F77-6245-4CF2-BF73-550977AA0267}.Debug|Any CPU.Build.0 = Debug|Any CPU
		{066D1F77-6245-4CF2-BF73-550977AA0267}.Release|Any CPU.ActiveCfg = Release|Any CPU
		{066D1F77-6245-4CF2-BF73-550977AA0267}.Release|Any CPU.Build.0 = Release|Any CPU
		{EFCD9E98-A269-4E7B-B192-3F517A5FA124}.Debug|Any CPU.ActiveCfg = Debug|Any CPU
		{EFCD9E98-A269-4E7B-B192-3F517A5FA124}.Debug|Any CPU.Build.0 = Debug|Any CPU
		{EFCD9E98-A269-4E7B-B192-3F517A5FA124}.Release|Any CPU.ActiveCfg = Release|Any CPU
		{EFCD9E98-A269-4E7B-B192-3F517A5FA124}.Release|Any CPU.Build.0 = Release|Any CPU
		{160FDC2E-2BD8-4F50-A2A6-DA3BC06BBD8C}.Debug|Any CPU.ActiveCfg = Debug|Any CPU
		{160FDC2E-2BD8-4F50-A2A6-DA3BC06BBD8C}.Debug|Any CPU.Build.0 = Debug|Any CPU
		{160FDC2E-2BD8-4F50-A2A6-DA3BC06BBD8C}.Release|Any CPU.ActiveCfg = Release|Any CPU
		{160FDC2E-2BD8-4F50-A2A6-DA3BC06BBD8C}.Release|Any CPU.Build.0 = Release|Any CPU
		{CEE08B52-53E1-4927-9E8B-8B46F2EA833C}.Debug|Any CPU.ActiveCfg = Debug|Any CPU
		{CEE08B52-53E1-4927-9E8B-8B46F2EA833C}.Debug|Any CPU.Build.0 = Debug|Any CPU
		{CEE08B52-53E1-4927-9E8B-8B46F2EA833C}.Release|Any CPU.ActiveCfg = Release|Any CPU
		{CEE08B52-53E1-4927-9E8B-8B46F2EA833C}.Release|Any CPU.Build.0 = Release|Any CPU
		{82D35861-BA88-4401-AC50-F41A9C6C96DE}.Debug|Any CPU.ActiveCfg = Debug|Any CPU
		{82D35861-BA88-4401-AC50-F41A9C6C96DE}.Debug|Any CPU.Build.0 = Debug|Any CPU
		{82D35861-BA88-4401-AC50-F41A9C6C96DE}.Release|Any CPU.ActiveCfg = Release|Any CPU
		{82D35861-BA88-4401-AC50-F41A9C6C96DE}.Release|Any CPU.Build.0 = Release|Any CPU
	EndGlobalSection
	GlobalSection(SolutionProperties) = preSolution
		HideSolutionNode = FALSE
	EndGlobalSection
	GlobalSection(NestedProjects) = preSolution
		{9E9FA8F4-9C11-4FCE-8455-E9E96EF532EE} = {A4808DAE-2F25-4874-9D4A-778A02F10C05}
		{106B3ACC-8E85-4961-9CC1-F6931322CACA} = {A4808DAE-2F25-4874-9D4A-778A02F10C05}
		{1097B98A-DECF-43AB-84B7-5BD315CC417B} = {A4808DAE-2F25-4874-9D4A-778A02F10C05}
		{E666AAB0-95C1-4638-A952-97109BBF2AB4} = {A4808DAE-2F25-4874-9D4A-778A02F10C05}
		{9FDE31F1-709A-4A96-B1B9-56E066D2845E} = {1F8BFE47-D5C3-43C8-9FD7-4282A18B8900}
		{066D1F77-6245-4CF2-BF73-550977AA0267} = {1F8BFE47-D5C3-43C8-9FD7-4282A18B8900}
		{EFCD9E98-A269-4E7B-B192-3F517A5FA124} = {1F8BFE47-D5C3-43C8-9FD7-4282A18B8900}
		{160FDC2E-2BD8-4F50-A2A6-DA3BC06BBD8C} = {1F8BFE47-D5C3-43C8-9FD7-4282A18B8900}
		{E246359D-6C51-4279-A6EE-899DEF154F8C} = {A4808DAE-2F25-4874-9D4A-778A02F10C05}
		{CEE08B52-53E1-4927-9E8B-8B46F2EA833C} = {E246359D-6C51-4279-A6EE-899DEF154F8C}
		{7C8A293F-2A58-452C-8BA3-075161CB3064} = {0FE21873-1AE8-473A-BECE-EB800FD077D1}
		{EB041325-0BDC-4E45-9B5B-3117199B456C} = {7C8A293F-2A58-452C-8BA3-075161CB3064}
		{51E041C2-6534-4EB4-84FC-C1E68797EC3F} = {7C8A293F-2A58-452C-8BA3-075161CB3064}
		{2721A316-ABE5-4AAB-B647-1AC5A985C66D} = {7C8A293F-2A58-452C-8BA3-075161CB3064}
	EndGlobalSection
	GlobalSection(ExtensibilityGlobals) = postSolution
		SolutionGuid = {3B05BA04-E698-45A7-86F3-CD424A0D81C2}
	EndGlobalSection
EndGlobal
